// !$*UTF8*$!
{
	archiveVersion = 1;
	classes = {
	};
	objectVersion = 46;
	objects = {

/* Begin PBXBuildFile section */
		4B90EF2581FF05CC60A5D237 /* Pods_Flicks.framework in Frameworks */ = {isa = PBXBuildFile; fileRef = 8D3F0E6B5C902A4E9A797A8E /* Pods_Flicks.framework */; };
		DC2D80B21DB5704600639DC0 /* MovieDetailsViewController.swift in Sources */ = {isa = PBXBuildFile; fileRef = DC2D80B11DB5704600639DC0 /* MovieDetailsViewController.swift */; };
		DC2D80B51DB57CCD00639DC0 /* Movie.swift in Sources */ = {isa = PBXBuildFile; fileRef = DC2D80B41DB57CCD00639DC0 /* Movie.swift */; };
		DC2D80B71DB5920F00639DC0 /* MovieOverview.swift in Sources */ = {isa = PBXBuildFile; fileRef = DC2D80B61DB5920F00639DC0 /* MovieOverview.swift */; };
		DC906DAA1DB1B24A00BE5422 /* AppDelegate.swift in Sources */ = {isa = PBXBuildFile; fileRef = DC906DA91DB1B24A00BE5422 /* AppDelegate.swift */; };
		DC906DAF1DB1B24A00BE5422 /* Main.storyboard in Resources */ = {isa = PBXBuildFile; fileRef = DC906DAD1DB1B24A00BE5422 /* Main.storyboard */; };
		DC906DB41DB1B24A00BE5422 /* LaunchScreen.storyboard in Resources */ = {isa = PBXBuildFile; fileRef = DC906DB21DB1B24A00BE5422 /* LaunchScreen.storyboard */; };
		DC906DBC1DB1B35400BE5422 /* MoviesViewController.swift in Sources */ = {isa = PBXBuildFile; fileRef = DC906DBB1DB1B35400BE5422 /* MoviesViewController.swift */; };
		DC906DBF1DB1BEFB00BE5422 /* MovieCell.swift in Sources */ = {isa = PBXBuildFile; fileRef = DC906DBE1DB1BEFB00BE5422 /* MovieCell.swift */; };
		DCEDF4D21DB1D3D100E7C484 /* Images.xcassets in Resources */ = {isa = PBXBuildFile; fileRef = DCEDF4D11DB1D3D100E7C484 /* Images.xcassets */; };
/* End PBXBuildFile section */

/* Begin PBXFileReference section */
		41F31B77B99A74765C4468F4 /* Pods-Flicks.release.xcconfig */ = {isa = PBXFileReference; includeInIndex = 1; lastKnownFileType = text.xcconfig; name = "Pods-Flicks.release.xcconfig"; path = "Pods/Target Support Files/Pods-Flicks/Pods-Flicks.release.xcconfig"; sourceTree = "<group>"; };
		8D3F0E6B5C902A4E9A797A8E /* Pods_Flicks.framework */ = {isa = PBXFileReference; explicitFileType = wrapper.framework; includeInIndex = 0; path = Pods_Flicks.framework; sourceTree = BUILT_PRODUCTS_DIR; };
		C6D70521591C7AC09E767AC8 /* Pods-Flicks.debug.xcconfig */ = {isa = PBXFileReference; includeInIndex = 1; lastKnownFileType = text.xcconfig; name = "Pods-Flicks.debug.xcconfig"; path = "Pods/Target Support Files/Pods-Flicks/Pods-Flicks.debug.xcconfig"; sourceTree = "<group>"; };
		DC2D80B11DB5704600639DC0 /* MovieDetailsViewController.swift */ = {isa = PBXFileReference; fileEncoding = 4; lastKnownFileType = sourcecode.swift; path = MovieDetailsViewController.swift; sourceTree = "<group>"; };
		DC2D80B41DB57CCD00639DC0 /* Movie.swift */ = {isa = PBXFileReference; fileEncoding = 4; lastKnownFileType = sourcecode.swift; path = Movie.swift; sourceTree = "<group>"; };
		DC2D80B61DB5920F00639DC0 /* MovieOverview.swift */ = {isa = PBXFileReference; fileEncoding = 4; lastKnownFileType = sourcecode.swift; path = MovieOverview.swift; sourceTree = "<group>"; };
		DC906DA61DB1B24A00BE5422 /* Flicks.app */ = {isa = PBXFileReference; explicitFileType = wrapper.application; includeInIndex = 0; path = Flicks.app; sourceTree = BUILT_PRODUCTS_DIR; };
		DC906DA91DB1B24A00BE5422 /* AppDelegate.swift */ = {isa = PBXFileReference; lastKnownFileType = sourcecode.swift; path = AppDelegate.swift; sourceTree = "<group>"; };
		DC906DAE1DB1B24A00BE5422 /* Base */ = {isa = PBXFileReference; lastKnownFileType = file.storyboard; name = Base; path = Base.lproj/Main.storyboard; sourceTree = "<group>"; };
		DC906DB31DB1B24A00BE5422 /* Base */ = {isa = PBXFileReference; lastKnownFileType = file.storyboard; name = Base; path = Base.lproj/LaunchScreen.storyboard; sourceTree = "<group>"; };
		DC906DB51DB1B24A00BE5422 /* Info.plist */ = {isa = PBXFileReference; lastKnownFileType = text.plist.xml; path = Info.plist; sourceTree = "<group>"; };
		DC906DBB1DB1B35400BE5422 /* MoviesViewController.swift */ = {isa = PBXFileReference; fileEncoding = 4; lastKnownFileType = sourcecode.swift; path = MoviesViewController.swift; sourceTree = "<group>"; };
		DC906DBE1DB1BEFB00BE5422 /* MovieCell.swift */ = {isa = PBXFileReference; fileEncoding = 4; lastKnownFileType = sourcecode.swift; path = MovieCell.swift; sourceTree = "<group>"; };
		DCEDF4D11DB1D3D100E7C484 /* Images.xcassets */ = {isa = PBXFileReference; lastKnownFileType = folder.assetcatalog; path = Images.xcassets; sourceTree = "<group>"; };
/* End PBXFileReference section */

/* Begin PBXFrameworksBuildPhase section */
		DC906DA31DB1B24900BE5422 /* Frameworks */ = {
			isa = PBXFrameworksBuildPhase;
			buildActionMask = 2147483647;
			files = (
				4B90EF2581FF05CC60A5D237 /* Pods_Flicks.framework in Frameworks */,
			);
			runOnlyForDeploymentPostprocessing = 0;
		};
/* End PBXFrameworksBuildPhase section */

/* Begin PBXGroup section */
		0E39E2A361601E56BDA7F9D4 /* Frameworks */ = {
			isa = PBXGroup;
			children = (
				8D3F0E6B5C902A4E9A797A8E /* Pods_Flicks.framework */,
			);
			name = Frameworks;
			sourceTree = "<group>";
		};
		DC2D80B31DB57CB700639DC0 /* Models */ = {
			isa = PBXGroup;
			children = (
				DC2D80B41DB57CCD00639DC0 /* Movie.swift */,
			);
			name = Models;
			sourceTree = "<group>";
		};
		DC906D9D1DB1B24900BE5422 = {
			isa = PBXGroup;
			children = (
				DC906DA81DB1B24A00BE5422 /* Flicks */,
				DC906DA71DB1B24A00BE5422 /* Products */,
				DD2DFE336D0A36D9C6E34907 /* Pods */,
				0E39E2A361601E56BDA7F9D4 /* Frameworks */,
			);
			sourceTree = "<group>";
		};
		DC906DA71DB1B24A00BE5422 /* Products */ = {
			isa = PBXGroup;
			children = (
				DC906DA61DB1B24A00BE5422 /* Flicks.app */,
			);
			name = Products;
			sourceTree = "<group>";
		};
		DC906DA81DB1B24A00BE5422 /* Flicks */ = {
			isa = PBXGroup;
			children = (
				DC2D80B31DB57CB700639DC0 /* Models */,
				DC906DC01DB1BF1600BE5422 /* ViewControllers */,
				DC906DBD1DB1BECF00BE5422 /* Views */,
				DC906DA91DB1B24A00BE5422 /* AppDelegate.swift */,
				DC906DAD1DB1B24A00BE5422 /* Main.storyboard */,
				DC906DB21DB1B24A00BE5422 /* LaunchScreen.storyboard */,
				DC906DB51DB1B24A00BE5422 /* Info.plist */,
				DCEDF4D11DB1D3D100E7C484 /* Images.xcassets */,
			);
			path = Flicks;
			sourceTree = "<group>";
		};
		DC906DBD1DB1BECF00BE5422 /* Views */ = {
			isa = PBXGroup;
			children = (
				DC906DBE1DB1BEFB00BE5422 /* MovieCell.swift */,
				DC2D80B61DB5920F00639DC0 /* MovieOverview.swift */,
			);
			name = Views;
			sourceTree = "<group>";
		};
		DC906DC01DB1BF1600BE5422 /* ViewControllers */ = {
			isa = PBXGroup;
			children = (
				DC906DBB1DB1B35400BE5422 /* MoviesViewController.swift */,
				DC2D80B11DB5704600639DC0 /* MovieDetailsViewController.swift */,
			);
			name = ViewControllers;
			sourceTree = "<group>";
		};
		DD2DFE336D0A36D9C6E34907 /* Pods */ = {
			isa = PBXGroup;
			children = (
				C6D70521591C7AC09E767AC8 /* Pods-Flicks.debug.xcconfig */,
				41F31B77B99A74765C4468F4 /* Pods-Flicks.release.xcconfig */,
			);
			name = Pods;
			sourceTree = "<group>";
		};
/* End PBXGroup section */

/* Begin PBXNativeTarget section */
		DC906DA51DB1B24900BE5422 /* Flicks */ = {
			isa = PBXNativeTarget;
			buildConfigurationList = DC906DB81DB1B24A00BE5422 /* Build configuration list for PBXNativeTarget "Flicks" */;
			buildPhases = (
				7A9AF113868EABC9A5DBD85F /* [CP] Check Pods Manifest.lock */,
				DC906DA21DB1B24900BE5422 /* Sources */,
				DC906DA31DB1B24900BE5422 /* Frameworks */,
				DC906DA41DB1B24900BE5422 /* Resources */,
				5475D87D34DFCAF32BC06732 /* [CP] Embed Pods Frameworks */,
				A1066A99B886F9C2FBB272CC /* [CP] Copy Pods Resources */,
			);
			buildRules = (
			);
			dependencies = (
			);
			name = Flicks;
			productName = Flicks;
			productReference = DC906DA61DB1B24A00BE5422 /* Flicks.app */;
			productType = "com.apple.product-type.application";
		};
/* End PBXNativeTarget section */

/* Begin PBXProject section */
		DC906D9E1DB1B24900BE5422 /* Project object */ = {
			isa = PBXProject;
			attributes = {
				LastSwiftUpdateCheck = 0800;
				LastUpgradeCheck = 0800;
				ORGANIZATIONNAME = "Stephen Chudleigh";
				TargetAttributes = {
					DC906DA51DB1B24900BE5422 = {
						CreatedOnToolsVersion = 8.0;
						DevelopmentTeam = HRB27U7K2P;
						ProvisioningStyle = Automatic;
					};
				};
			};
			buildConfigurationList = DC906DA11DB1B24900BE5422 /* Build configuration list for PBXProject "Flicks" */;
			compatibilityVersion = "Xcode 3.2";
			developmentRegion = English;
			hasScannedForEncodings = 0;
			knownRegions = (
				en,
				Base,
			);
			mainGroup = DC906D9D1DB1B24900BE5422;
			productRefGroup = DC906DA71DB1B24A00BE5422 /* Products */;
			projectDirPath = "";
			projectRoot = "";
			targets = (
				DC906DA51DB1B24900BE5422 /* Flicks */,
			);
		};
/* End PBXProject section */

/* Begin PBXResourcesBuildPhase section */
		DC906DA41DB1B24900BE5422 /* Resources */ = {
			isa = PBXResourcesBuildPhase;
			buildActionMask = 2147483647;
			files = (
				DCEDF4D21DB1D3D100E7C484 /* Images.xcassets in Resources */,
				DC906DB41DB1B24A00BE5422 /* LaunchScreen.storyboard in Resources */,
				DC906DAF1DB1B24A00BE5422 /* Main.storyboard in Resources */,
			);
			runOnlyForDeploymentPostprocessing = 0;
		};
/* End PBXResourcesBuildPhase section */

/* Begin PBXShellScriptBuildPhase section */
		5475D87D34DFCAF32BC06732 /* [CP] Embed Pods Frameworks */ = {
			isa = PBXShellScriptBuildPhase;
			buildActionMask = 2147483647;
			files = (
			);
			inputPaths = (
			);
			name = "[CP] Embed Pods Frameworks";
			outputPaths = (
			);
			runOnlyForDeploymentPostprocessing = 0;
			shellPath = /bin/sh;
			shellScript = "\"${SRCROOT}/Pods/Target Support Files/Pods-Flicks/Pods-Flicks-frameworks.sh\"\n";
			showEnvVarsInLog = 0;
		};
		7A9AF113868EABC9A5DBD85F /* [CP] Check Pods Manifest.lock */ = {
			isa = PBXShellScriptBuildPhase;
			buildActionMask = 2147483647;
			files = (
			);
			inputPaths = (
			);
			name = "[CP] Check Pods Manifest.lock";
			outputPaths = (
			);
			runOnlyForDeploymentPostprocessing = 0;
			shellPath = /bin/sh;
			shellScript = "diff \"${PODS_ROOT}/../Podfile.lock\" \"${PODS_ROOT}/Manifest.lock\" > /dev/null\nif [[ $? != 0 ]] ; then\n    cat << EOM\nerror: The sandbox is not in sync with the Podfile.lock. Run 'pod install' or update your CocoaPods installation.\nEOM\n    exit 1\nfi\n";
			showEnvVarsInLog = 0;
		};
		A1066A99B886F9C2FBB272CC /* [CP] Copy Pods Resources */ = {
			isa = PBXShellScriptBuildPhase;
			buildActionMask = 2147483647;
			files = (
			);
			inputPaths = (
			);
			name = "[CP] Copy Pods Resources";
			outputPaths = (
			);
			runOnlyForDeploymentPostprocessing = 0;
			shellPath = /bin/sh;
			shellScript = "\"${SRCROOT}/Pods/Target Support Files/Pods-Flicks/Pods-Flicks-resources.sh\"\n";
			showEnvVarsInLog = 0;
		};
/* End PBXShellScriptBuildPhase section */

/* Begin PBXSourcesBuildPhase section */
		DC906DA21DB1B24900BE5422 /* Sources */ = {
			isa = PBXSourcesBuildPhase;
			buildActionMask = 2147483647;
			files = (
				DC2D80B21DB5704600639DC0 /* MovieDetailsViewController.swift in Sources */,
				DC906DAA1DB1B24A00BE5422 /* AppDelegate.swift in Sources */,
				DC906DBC1DB1B35400BE5422 /* MoviesViewController.swift in Sources */,
				DC906DBF1DB1BEFB00BE5422 /* MovieCell.swift in Sources */,
				DC2D80B51DB57CCD00639DC0 /* Movie.swift in Sources */,
				DC2D80B71DB5920F00639DC0 /* MovieOverview.swift in Sources */,
			);
			runOnlyForDeploymentPostprocessing = 0;
		};
/* End PBXSourcesBuildPhase section */

/* Begin PBXVariantGroup section */
		DC906DAD1DB1B24A00BE5422 /* Main.storyboard */ = {
			isa = PBXVariantGroup;
			children = (
				DC906DAE1DB1B24A00BE5422 /* Base */,
			);
			name = Main.storyboard;
			sourceTree = "<group>";
		};
		DC906DB21DB1B24A00BE5422 /* LaunchScreen.storyboard */ = {
			isa = PBXVariantGroup;
			children = (
				DC906DB31DB1B24A00BE5422 /* Base */,
			);
			name = LaunchScreen.storyboard;
			sourceTree = "<group>";
		};
/* End PBXVariantGroup section */

/* Begin XCBuildConfiguration section */
		DC906DB61DB1B24A00BE5422 /* Debug */ = {
			isa = XCBuildConfiguration;
			buildSettings = {
				ALWAYS_SEARCH_USER_PATHS = NO;
				CLANG_ANALYZER_NONNULL = YES;
				CLANG_CXX_LANGUAGE_STANDARD = "gnu++0x";
				CLANG_CXX_LIBRARY = "libc++";
				CLANG_ENABLE_MODULES = YES;
				CLANG_ENABLE_OBJC_ARC = YES;
				CLANG_WARN_BOOL_CONVERSION = YES;
				CLANG_WARN_CONSTANT_CONVERSION = YES;
				CLANG_WARN_DIRECT_OBJC_ISA_USAGE = YES_ERROR;
				CLANG_WARN_DOCUMENTATION_COMMENTS = YES;
				CLANG_WARN_EMPTY_BODY = YES;
				CLANG_WARN_ENUM_CONVERSION = YES;
				CLANG_WARN_INFINITE_RECURSION = YES;
				CLANG_WARN_INT_CONVERSION = YES;
				CLANG_WARN_OBJC_ROOT_CLASS = YES_ERROR;
				CLANG_WARN_SUSPICIOUS_MOVES = YES;
				CLANG_WARN_UNREACHABLE_CODE = YES;
				CLANG_WARN__DUPLICATE_METHOD_MATCH = YES;
				"CODE_SIGN_IDENTITY[sdk=iphoneos*]" = "iPhone Developer";
				COPY_PHASE_STRIP = NO;
				DEBUG_INFORMATION_FORMAT = dwarf;
				ENABLE_STRICT_OBJC_MSGSEND = YES;
				ENABLE_TESTABILITY = YES;
				GCC_C_LANGUAGE_STANDARD = gnu99;
				GCC_DYNAMIC_NO_PIC = NO;
				GCC_NO_COMMON_BLOCKS = YES;
				GCC_OPTIMIZATION_LEVEL = 0;
				GCC_PREPROCESSOR_DEFINITIONS = (
					"DEBUG=1",
					"$(inherited)",
				);
				GCC_WARN_64_TO_32_BIT_CONVERSION = YES;
				GCC_WARN_ABOUT_RETURN_TYPE = YES_ERROR;
				GCC_WARN_UNDECLARED_SELECTOR = YES;
				GCC_WARN_UNINITIALIZED_AUTOS = YES_AGGRESSIVE;
				GCC_WARN_UNUSED_FUNCTION = YES;
				GCC_WARN_UNUSED_VARIABLE = YES;
				IPHONEOS_DEPLOYMENT_TARGET = 10.0;
				MTL_ENABLE_DEBUG_INFO = YES;
				ONLY_ACTIVE_ARCH = YES;
				SDKROOT = iphoneos;
				SWIFT_ACTIVE_COMPILATION_CONDITIONS = DEBUG;
				SWIFT_OPTIMIZATION_LEVEL = "-Onone";
				TARGETED_DEVICE_FAMILY = "1,2";
			};
			name = Debug;
		};
		DC906DB71DB1B24A00BE5422 /* Release */ = {
			isa = XCBuildConfiguration;
			buildSettings = {
				ALWAYS_SEARCH_USER_PATHS = NO;
				CLANG_ANALYZER_NONNULL = YES;
				CLANG_CXX_LANGUAGE_STANDARD = "gnu++0x";
				CLANG_CXX_LIBRARY = "libc++";
				CLANG_ENABLE_MODULES = YES;
				CLANG_ENABLE_OBJC_ARC = YES;
				CLANG_WARN_BOOL_CONVERSION = YES;
				CLANG_WARN_CONSTANT_CONVERSION = YES;
				CLANG_WARN_DIRECT_OBJC_ISA_USAGE = YES_ERROR;
				CLANG_WARN_DOCUMENTATION_COMMENTS = YES;
				CLANG_WARN_EMPTY_BODY = YES;
				CLANG_WARN_ENUM_CONVERSION = YES;
				CLANG_WARN_INFINITE_RECURSION = YES;
				CLANG_WARN_INT_CONVERSION = YES;
				CLANG_WARN_OBJC_ROOT_CLASS = YES_ERROR;
				CLANG_WARN_SUSPICIOUS_MOVES = YES;
				CLANG_WARN_UNREACHABLE_CODE = YES;
				CLANG_WARN__DUPLICATE_METHOD_MATCH = YES;
				"CODE_SIGN_IDENTITY[sdk=iphoneos*]" = "iPhone Developer";
				COPY_PHASE_STRIP = NO;
				DEBUG_INFORMATION_FORMAT = "dwarf-with-dsym";
				ENABLE_NS_ASSERTIONS = NO;
				ENABLE_STRICT_OBJC_MSGSEND = YES;
				GCC_C_LANGUAGE_STANDARD = gnu99;
				GCC_NO_COMMON_BLOCKS = YES;
				GCC_WARN_64_TO_32_BIT_CONVERSION = YES;
				GCC_WARN_ABOUT_RETURN_TYPE = YES_ERROR;
				GCC_WARN_UNDECLARED_SELECTOR = YES;
				GCC_WARN_UNINITIALIZED_AUTOS = YES_AGGRESSIVE;
				GCC_WARN_UNUSED_FUNCTION = YES;
				GCC_WARN_UNUSED_VARIABLE = YES;
				IPHONEOS_DEPLOYMENT_TARGET = 10.0;
				MTL_ENABLE_DEBUG_INFO = NO;
				SDKROOT = iphoneos;
				SWIFT_OPTIMIZATION_LEVEL = "-Owholemodule";
				TARGETED_DEVICE_FAMILY = "1,2";
				VALIDATE_PRODUCT = YES;
			};
			name = Release;
		};
		DC906DB91DB1B24A00BE5422 /* Debug */ = {
			isa = XCBuildConfiguration;
			baseConfigurationReference = C6D70521591C7AC09E767AC8 /* Pods-Flicks.debug.xcconfig */;
			buildSettings = {
				ASSETCATALOG_COMPILER_APPICON_NAME = AppIcon;
				DEVELOPMENT_TEAM = HRB27U7K2P;
				INFOPLIST_FILE = Flicks/Info.plist;
				LD_RUNPATH_SEARCH_PATHS = "$(inherited) @executable_path/Frameworks";
				PRODUCT_BUNDLE_IDENTIFIER = stepchud.Flicks;
				PRODUCT_NAME = "$(TARGET_NAME)";
				SWIFT_VERSION = 3.0;
				TARGETED_DEVICE_FAMILY = "1,2";
			};
			name = Debug;
		};
		DC906DBA1DB1B24A00BE5422 /* Release */ = {
			isa = XCBuildConfiguration;
			baseConfigurationReference = 41F31B77B99A74765C4468F4 /* Pods-Flicks.release.xcconfig */;
			buildSettings = {
				ASSETCATALOG_COMPILER_APPICON_NAME = AppIcon;
				DEVELOPMENT_TEAM = HRB27U7K2P;
				INFOPLIST_FILE = Flicks/Info.plist;
				LD_RUNPATH_SEARCH_PATHS = "$(inherited) @executable_path/Frameworks";
				PRODUCT_BUNDLE_IDENTIFIER = stepchud.Flicks;
				PRODUCT_NAME = "$(TARGET_NAME)";
				SWIFT_VERSION = 3.0;
				TARGETED_DEVICE_FAMILY = "1,2";
			};
			name = Release;
		};
/* End XCBuildConfiguration section */

/* Begin XCConfigurationList section */
		DC906DA11DB1B24900BE5422 /* Build configuration list for PBXProject "Flicks" */ = {
			isa = XCConfigurationList;
			buildConfigurations = (
				DC906DB61DB1B24A00BE5422 /* Debug */,
				DC906DB71DB1B24A00BE5422 /* Release */,
			);
			defaultConfigurationIsVisible = 0;
			defaultConfigurationName = Release;
		};
		DC906DB81DB1B24A00BE5422 /* Build configuration list for PBXNativeTarget "Flicks" */ = {
			isa = XCConfigurationList;
			buildConfigurations = (
				DC906DB91DB1B24A00BE5422 /* Debug */,
				DC906DBA1DB1B24A00BE5422 /* Release */,
			);
			defaultConfigurationIsVisible = 0;
			defaultConfigurationName = Release;
		};
/* End XCConfigurationList section */
	};
	rootObject = DC906D9E1DB1B24900BE5422 /* Project object */;
}
